
Microsoft Visual Studio Solution File, Format Version 12.00
# Visual Studio 14
VisualStudioVersion = 14.0.25420.1
MinimumVisualStudioVersion = 10.0.40219.1
Project("{FAE04EC0-301F-11D3-BF4B-00C04F79EFBC}") = "NewAdressBookAutomation", "NewAdressBookAutomation\NewAdressBookAutomation.csproj", "{CE964321-8637-48DC-A6AC-040D0F9D136C}"
EndProject
Project("{FAE04EC0-301F-11D3-BF4B-00C04F79EFBC}") = "AdressTests", "AdressTests\AdressTests.csproj", "{E5B9453C-3AC4-45C6-8D71-0C63A6CDE582}"
EndProject
Project("{FAE04EC0-301F-11D3-BF4B-00C04F79EFBC}") = "SampleApplication1", "SampleApplication1\SampleApplication1.csproj", "{D79F39AC-4FDB-481C-BB88-05550795D10E}"
EndProject
Global
	GlobalSection(SolutionConfigurationPlatforms) = preSolution
		Debug|Any CPU = Debug|Any CPU
		Release|Any CPU = Release|Any CPU
	EndGlobalSection
	GlobalSection(ProjectConfigurationPlatforms) = postSolution
		{CE964321-8637-48DC-A6AC-040D0F9D136C}.Debug|Any CPU.ActiveCfg = Debug|Any CPU
		{CE964321-8637-48DC-A6AC-040D0F9D136C}.Debug|Any CPU.Build.0 = Debug|Any CPU
		{CE964321-8637-48DC-A6AC-040D0F9D136C}.Release|Any CPU.ActiveCfg = Release|Any CPU
		{CE964321-8637-48DC-A6AC-040D0F9D136C}.Release|Any CPU.Build.0 = Release|Any CPU
		{E5B9453C-3AC4-45C6-8D71-0C63A6CDE582}.Debug|Any CPU.ActiveCfg = Debug|Any CPU
		{E5B9453C-3AC4-45C6-8D71-0C63A6CDE582}.Debug|Any CPU.Build.0 = Debug|Any CPU
		{E5B9453C-3AC4-45C6-8D71-0C63A6CDE582}.Release|Any CPU.ActiveCfg = Release|Any CPU
		{E5B9453C-3AC4-45C6-8D71-0C63A6CDE582}.Release|Any CPU.Build.0 = Release|Any CPU
		{D79F39AC-4FDB-481C-BB88-05550795D10E}.Debug|Any CPU.ActiveCfg = Debug|Any CPU
		{D79F39AC-4FDB-481C-BB88-05550795D10E}.Debug|Any CPU.Build.0 = Debug|Any CPU
		{D79F39AC-4FDB-481C-BB88-05550795D10E}.Release|Any CPU.ActiveCfg = Release|Any CPU
		{D79F39AC-4FDB-481C-BB88-05550795D10E}.Release|Any CPU.Build.0 = Release|Any CPU
	EndGlobalSection
	GlobalSection(SolutionProperties) = preSolution
		HideSolutionNode = FALSE
	EndGlobalSection
EndGlobal
